# This file is automatically @generated by Cargo.
# It is not intended for manual editing.
version = 4

[[package]]
name = "avl_tree"
version = "0.1.0"

[[package]]
name = "bitree"
version = "0.1.0"
dependencies = [
 "queue",
 "stack",
]

[[package]]
name = "block_searching"
version = "0.1.0"

[[package]]
name = "bplus_tree"
version = "0.1.0"

[[package]]
name = "bstree"
version = "0.1.0"

[[package]]
name = "btree"
version = "0.1.0"

[[package]]
name = "graph"
version = "0.1.0"
dependencies = [
 "queue",
 "stack",
]

[[package]]
name = "huffman_tree"
version = "0.1.0"

[[package]]
name = "linked_list"
version = "0.1.0"

[[package]]
name = "queue"
version = "0.1.0"

[[package]]
name = "rbtree"
version = "0.1.0"

[[package]]
name = "seq_searching"
version = "0.1.0"

[[package]]
name = "sequence_list"
version = "0.1.0"

[[package]]
name = "stack"
version = "0.1.0"

[[package]]
name = "string"
version = "0.1.0"

[[package]]
name = "union_find"
version = "0.1.0"
